{
  "name": "taiko-game",
  "version": "1.0.0",
  "lockfileVersion": 3,
  "requires": true,
  "packages": {
    "": {
      "name": "taiko-game",
      "version": "1.0.0",
      "license": "MIT",
      "dependencies": {
        "beat": "^1.0.6",
        "beatjs": "^0.1.0",
        "tone": "^14.7.77"
      }
    },
    "node_modules/@babel/runtime": {
      "version": "7.21.0",
      "resolved": "https://registry.npmjs.org/@babel/runtime/-/runtime-7.21.0.tgz",
      "integrity": "sha512-xwII0//EObnq89Ji5AKYQaRYiW/nZ3llSv29d49IuxPhKbtJoLP+9QUUZ4nVragQVtaVGeZrpB+ZtG/Pdy/POw==",
      "dependencies": {
        "regenerator-runtime": "^0.13.11"
      },
      "engines": {
        "node": ">=6.9.0"
      }
    },
    "node_modules/automation-events": {
      "version": "5.0.2",
      "resolved": "https://registry.npmjs.org/automation-events/-/automation-events-5.0.2.tgz",
      "integrity": "sha512-8mfgjeI22tlKeaGY8y0bDt93IIUJhQKR/ISTsnhhFkpAzCirPdQ/Rmfp3xakCTmIihLgDuIWcWygHWozYKVGyQ==",
      "dependencies": {
        "@babel/runtime": "^7.21.0",
        "tslib": "^2.5.0"
      },
      "engines": {
        "node": ">=14.15.4"
      }
    },
    "node_modules/beat": {
      "version": "1.0.6",
      "resolved": "https://registry.npmjs.org/beat/-/beat-1.0.6.tgz",
      "integrity": "sha512-iacCcEkez7w7h+B4Ym7Hz0/uZOPN63c7/g0wqlKgRBkZxuMowrN08ffL5fpuFSSXwJtvljn5v5cNC9oIpEA5qw=="
    },
    "node_modules/beatjs": {
      "version": "0.1.0",
      "resolved": "https://registry.npmjs.org/beatjs/-/beatjs-0.1.0.tgz",
      "integrity": "sha512-UrhMrdMwJ8B0kdaeQFdwRy2ZSZMdPd/hHfaq9y5NQW3IPrEJLXIExMw2RnrwjU/jZrgyRwBrfbW5V6g7gWaQ3A==",
      "dependencies": {
        "whatwg-fetch": "^2.0.4"
      }
    },
    "node_modules/regenerator-runtime": {
      "version": "0.13.11",
      "resolved": "https://registry.npmjs.org/regenerator-runtime/-/regenerator-runtime-0.13.11.tgz",
      "integrity": "sha512-kY1AZVr2Ra+t+piVaJ4gxaFaReZVH40AKNo7UCX6W+dEwBo/2oZJzqfuN1qLq1oL45o56cPaTXELwrTh8Fpggg=="
    },
    "node_modules/standardized-audio-context": {
      "version": "25.3.41",
      "resolved": "https://registry.npmjs.org/standardized-audio-context/-/standardized-audio-context-25.3.41.tgz",
      "integrity": "sha512-NCKY1kLCGN37dnCCIG4NX1LHWRgONvIU6u6GS3nzhMM9CV/M+GR48uIeojjeJBSICfWXfQ+t2N1MTdsgJz3wlA==",
      "dependencies": {
        "@babel/runtime": "^7.21.0",
        "automation-events": "^5.0.2",
        "tslib": "^2.5.0"
      }
    },
    "node_modules/tone": {
      "version": "14.7.77",
      "resolved": "https://registry.npmjs.org/tone/-/tone-14.7.77.tgz",
      "integrity": "sha512-tCfK73IkLHyzoKUvGq47gyDyxiKLFvKiVCOobynGgBB9Dl0NkxTM2p+eRJXyCYrjJwy9Y0XCMqD3uOYsYt2Fdg==",
      "dependencies": {
        "standardized-audio-context": "^25.1.8",
        "tslib": "^2.0.1"
      }
    },
    "node_modules/tslib": {
      "version": "2.5.0",
      "resolved": "https://registry.npmjs.org/tslib/-/tslib-2.5.0.tgz",
      "integrity": "sha512-336iVw3rtn2BUK7ORdIAHTyxHGRIHVReokCR3XjbckJMK7ms8FysBfhLR8IXnAgy7T0PTPNBWKiH514FOW/WSg=="
    },
    "node_modules/whatwg-fetch": {
      "version": "2.0.4",
      "resolved": "https://registry.npmjs.org/whatwg-fetch/-/whatwg-fetch-2.0.4.tgz",
      "integrity": "sha512-dcQ1GWpOD/eEQ97k66aiEVpNnapVj90/+R+SXTPYGHpYBBypfKJEQjLrvMZ7YXbKm21gXd4NcuxUTjiv1YtLng=="
    }
  }
}
